
Microsoft Visual Studio Solution File, Format Version 12.00
# Visual Studio Version 17
VisualStudioVersion = 17.5.002.0
MinimumVisualStudioVersion = 10.0.40219.1
Project("{9A19103F-16F7-4668-BE54-9A1E7A4F7556}") = "OaiFuncCall", "OaiFuncCall.csproj", "{24EA6448-76A1-4813-B1E9-334915EBC483}"
EndProject
Global
	GlobalSection(SolutionConfigurationPlatforms) = preSolution
		Debug|Any CPU = Debug|Any CPU
		Release|Any CPU = Release|Any CPU
	EndGlobalSection
	GlobalSection(ProjectConfigurationPlatforms) = postSolution
		{24EA6448-76A1-4813-B1E9-334915EBC483}.Debug|Any CPU.ActiveCfg = Debug|Any CPU
		{24EA6448-76A1-4813-B1E9-334915EBC483}.Debug|Any CPU.Build.0 = Debug|Any CPU
		{24EA6448-76A1-4813-B1E9-334915EBC483}.Release|Any CPU.ActiveCfg = Release|Any CPU
		{24EA6448-76A1-4813-B1E9-334915EBC483}.Release|Any CPU.Build.0 = Release|Any CPU
	EndGlobalSection
	GlobalSection(SolutionProperties) = preSolution
		HideSolutionNode = FALSE
	EndGlobalSection
	GlobalSection(ExtensibilityGlobals) = postSolution
		SolutionGuid = {061F4724-04D7-49DA-9011-FCDEE479C4C4}
	EndGlobalSection
EndGlobal
